
Microsoft Visual Studio Solution File, Format Version 12.00
# Visual Studio Version 17
VisualStudioVersion = 17.14.37216.2 d17.14
MinimumVisualStudioVersion = 10.0.40219.1
Project("{FAE04EC0-301F-11D3-BF4B-00C04F79EFBC}") = "laba12", "laba12.csproj", "{74B47D16-0E64-4BFF-A9EC-C8D472F2C0B6}"
EndProject
Global
	GlobalSection(SolutionConfigurationPlatforms) = preSolution
		Debug|Any CPU = Debug|Any CPU
		Release|Any CPU = Release|Any CPU
	EndGlobalSection
	GlobalSection(ProjectConfigurationPlatforms) = postSolution
		{74B47D16-0E64-4BFF-A9EC-C8D472F2C0B6}.Debug|Any CPU.ActiveCfg = Debug|Any CPU
		{74B47D16-0E64-4BFF-A9EC-C8D472F2C0B6}.Debug|Any CPU.Build.0 = Debug|Any CPU
		{74B47D16-0E64-4BFF-A9EC-C8D472F2C0B6}.Release|Any CPU.ActiveCfg = Release|Any CPU
		{74B47D16-0E64-4BFF-A9EC-C8D472F2C0B6}.Release|Any CPU.Build.0 = Release|Any CPU
	EndGlobalSection
	GlobalSection(SolutionProperties) = preSolution
		HideSolutionNode = FALSE
	EndGlobalSection
	GlobalSection(ExtensibilityGlobals) = postSolution
		SolutionGuid = {F1AF625C-4F51-4103-A25F-D41E7AE47487}
	EndGlobalSection
EndGlobal
