
Microsoft Visual Studio Solution File, Format Version 12.00
# Visual Studio Version 17
VisualStudioVersion = 17.14.37111.16 d17.14
MinimumVisualStudioVersion = 10.0.40219.1
Project("{FAE04EC0-301F-11D3-BF4B-00C04F79EFBC}") = "laba8", "laba8.csproj", "{5B89E190-9CBC-4CDE-9E15-D0DA7D8DA8B9}"
EndProject
Global
	GlobalSection(SolutionConfigurationPlatforms) = preSolution
		Debug|Any CPU = Debug|Any CPU
		Release|Any CPU = Release|Any CPU
	EndGlobalSection
	GlobalSection(ProjectConfigurationPlatforms) = postSolution
		{5B89E190-9CBC-4CDE-9E15-D0DA7D8DA8B9}.Debug|Any CPU.ActiveCfg = Debug|Any CPU
		{5B89E190-9CBC-4CDE-9E15-D0DA7D8DA8B9}.Debug|Any CPU.Build.0 = Debug|Any CPU
		{5B89E190-9CBC-4CDE-9E15-D0DA7D8DA8B9}.Release|Any CPU.ActiveCfg = Release|Any CPU
		{5B89E190-9CBC-4CDE-9E15-D0DA7D8DA8B9}.Release|Any CPU.Build.0 = Release|Any CPU
	EndGlobalSection
	GlobalSection(SolutionProperties) = preSolution
		HideSolutionNode = FALSE
	EndGlobalSection
	GlobalSection(ExtensibilityGlobals) = postSolution
		SolutionGuid = {47C70570-DC72-4718-AA09-7CE20AC3D204}
	EndGlobalSection
EndGlobal
